{
  "name": "11网易",
  "lockfileVersion": 3,
  "requires": true,
  "packages": {
    "": {
      "dependencies": {
        "cryptojs": "^2.5.3"
      }
    },
    "node_modules/cryptojs": {
      "version": "2.5.3",
      "resolved": "https://registry.npmmirror.com/cryptojs/-/cryptojs-2.5.3.tgz",
      "integrity": "sha512-+rdPl1UCxE8s3R94NNn+zMKOiI4MJ7dyh3X0c5uBL3btDr4zQ6acd7f9mY7Wb5MrccZEi2Rrha3OEtLcc5XXog==",
      "engines": {
        "node": "*"
      }
    }
  }
}
